
Microsoft Visual Studio Solution File, Format Version 11.00
# Visual Studio 2010
Project("{FAE04EC0-301F-11D3-BF4B-00C04F79EFBC}") = "SniffNework", "SniffNework\SniffNework.csproj", "{96E1D5FB-0A73-4281-AC95-29CAD0DDA74E}"
EndProject
Global
	GlobalSection(SolutionConfigurationPlatforms) = preSolution
		Debug|x86 = Debug|x86
		Release|x86 = Release|x86
	EndGlobalSection
	GlobalSection(ProjectConfigurationPlatforms) = postSolution
		{96E1D5FB-0A73-4281-AC95-29CAD0DDA74E}.Debug|x86.ActiveCfg = Debug|x86
		{96E1D5FB-0A73-4281-AC95-29CAD0DDA74E}.Debug|x86.Build.0 = Debug|x86
		{96E1D5FB-0A73-4281-AC95-29CAD0DDA74E}.Release|x86.ActiveCfg = Release|x86
		{96E1D5FB-0A73-4281-AC95-29CAD0DDA74E}.Release|x86.Build.0 = Release|x86
	EndGlobalSection
	GlobalSection(SolutionProperties) = preSolution
		HideSolutionNode = FALSE
	EndGlobalSection
EndGlobal
